
Microsoft Visual Studio Solution File, Format Version 12.00
Project("{FAE04EC0-301F-11D3-BF4B-00C04F79EFBC}") = "EntityFrameworkCore.Locking", "src\EntityFrameworkCore.Locking\EntityFrameworkCore.Locking.csproj", "{B793961B-12BD-49BE-B797-AF56930E5E44}"
EndProject
Project("{2150E333-8FDC-42A3-9474-1A3956D46DE8}") = "items", "items", "{2D0ADCE2-8724-436A-8699-00AA5ECFC194}"
	ProjectSection(SolutionItems) = preProject
		.gitignore = .gitignore
		Directory.Build.props = Directory.Build.props
		Directory.Packages.props = Directory.Packages.props
		global.json = global.json
		nuget.config = nuget.config
	EndProjectSection
EndProject
Project("{2150E333-8FDC-42A3-9474-1A3956D46DE8}") = "src", "src", "{73D87BF9-EFDE-4A76-A86A-AE48FB034008}"
EndProject
Project("{FAE04EC0-301F-11D3-BF4B-00C04F79EFBC}") = "EntityFrameworkCore.Locking.PostgreSQL", "src\EntityFrameworkCore.Locking.PostgreSQL\EntityFrameworkCore.Locking.PostgreSQL.csproj", "{A1B2C3D4-0001-0000-0000-000000000001}"
EndProject
Project("{FAE04EC0-301F-11D3-BF4B-00C04F79EFBC}") = "EntityFrameworkCore.Locking.MySql", "src\EntityFrameworkCore.Locking.MySql\EntityFrameworkCore.Locking.MySql.csproj", "{A1B2C3D4-0002-0000-0000-000000000002}"
EndProject
Project("{FAE04EC0-301F-11D3-BF4B-00C04F79EFBC}") = "EntityFrameworkCore.Locking.SqlServer", "src\EntityFrameworkCore.Locking.SqlServer\EntityFrameworkCore.Locking.SqlServer.csproj", "{A1B2C3D4-0003-0000-0000-000000000003}"
EndProject
Project("{2150E333-8FDC-42A3-9474-1A3956D46DE8}") = "tests", "tests", "{212685A3-FE9D-4703-AEDD-913F04360B1D}"
EndProject
Project("{FAE04EC0-301F-11D3-BF4B-00C04F79EFBC}") = "EntityFrameworkCore.Locking.MySql.Tests", "tests\EntityFrameworkCore.Locking.MySql.Tests\EntityFrameworkCore.Locking.MySql.Tests.csproj", "{3424F5EC-C43C-4A5C-8BF6-10D08D75F0BB}"
EndProject
Project("{FAE04EC0-301F-11D3-BF4B-00C04F79EFBC}") = "EntityFrameworkCore.Locking.PostgreSQL.Tests", "tests\EntityFrameworkCore.Locking.PostgreSQL.Tests\EntityFrameworkCore.Locking.PostgreSQL.Tests.csproj", "{FED780A2-A4F9-4B71-A4BC-C90B08874714}"
EndProject
Project("{FAE04EC0-301F-11D3-BF4B-00C04F79EFBC}") = "EntityFrameworkCore.Locking.SqlServer.Tests", "tests\EntityFrameworkCore.Locking.SqlServer.Tests\EntityFrameworkCore.Locking.SqlServer.Tests.csproj", "{F89BC55F-6B44-453E-9DF3-D7FA25E9028E}"
EndProject
Project("{FAE04EC0-301F-11D3-BF4B-00C04F79EFBC}") = "EntityFrameworkCore.Locking.Tests", "tests\EntityFrameworkCore.Locking.Tests\EntityFrameworkCore.Locking.Tests.csproj", "{77FA75BB-ABFE-4D4D-80C2-C8C8457BCFE4}"
EndProject
Global
	GlobalSection(SolutionConfigurationPlatforms) = preSolution
		Debug|Any CPU = Debug|Any CPU
		Release|Any CPU = Release|Any CPU
	EndGlobalSection
	GlobalSection(ProjectConfigurationPlatforms) = postSolution
		{B793961B-12BD-49BE-B797-AF56930E5E44}.Debug|Any CPU.ActiveCfg = Debug|Any CPU
		{B793961B-12BD-49BE-B797-AF56930E5E44}.Debug|Any CPU.Build.0 = Debug|Any CPU
		{B793961B-12BD-49BE-B797-AF56930E5E44}.Release|Any CPU.ActiveCfg = Release|Any CPU
		{B793961B-12BD-49BE-B797-AF56930E5E44}.Release|Any CPU.Build.0 = Release|Any CPU
		{3424F5EC-C43C-4A5C-8BF6-10D08D75F0BB}.Debug|Any CPU.ActiveCfg = Debug|Any CPU
		{3424F5EC-C43C-4A5C-8BF6-10D08D75F0BB}.Debug|Any CPU.Build.0 = Debug|Any CPU
		{3424F5EC-C43C-4A5C-8BF6-10D08D75F0BB}.Release|Any CPU.ActiveCfg = Release|Any CPU
		{3424F5EC-C43C-4A5C-8BF6-10D08D75F0BB}.Release|Any CPU.Build.0 = Release|Any CPU
		{FED780A2-A4F9-4B71-A4BC-C90B08874714}.Debug|Any CPU.ActiveCfg = Debug|Any CPU
		{FED780A2-A4F9-4B71-A4BC-C90B08874714}.Debug|Any CPU.Build.0 = Debug|Any CPU
		{FED780A2-A4F9-4B71-A4BC-C90B08874714}.Release|Any CPU.ActiveCfg = Release|Any CPU
		{FED780A2-A4F9-4B71-A4BC-C90B08874714}.Release|Any CPU.Build.0 = Release|Any CPU
		{F89BC55F-6B44-453E-9DF3-D7FA25E9028E}.Debug|Any CPU.ActiveCfg = Debug|Any CPU
		{F89BC55F-6B44-453E-9DF3-D7FA25E9028E}.Debug|Any CPU.Build.0 = Debug|Any CPU
		{F89BC55F-6B44-453E-9DF3-D7FA25E9028E}.Release|Any CPU.ActiveCfg = Release|Any CPU
		{F89BC55F-6B44-453E-9DF3-D7FA25E9028E}.Release|Any CPU.Build.0 = Release|Any CPU
		{77FA75BB-ABFE-4D4D-80C2-C8C8457BCFE4}.Debug|Any CPU.ActiveCfg = Debug|Any CPU
		{77FA75BB-ABFE-4D4D-80C2-C8C8457BCFE4}.Debug|Any CPU.Build.0 = Debug|Any CPU
		{77FA75BB-ABFE-4D4D-80C2-C8C8457BCFE4}.Release|Any CPU.ActiveCfg = Release|Any CPU
		{77FA75BB-ABFE-4D4D-80C2-C8C8457BCFE4}.Release|Any CPU.Build.0 = Release|Any CPU
		{A1B2C3D4-0001-0000-0000-000000000001}.Debug|Any CPU.ActiveCfg = Debug|Any CPU
		{A1B2C3D4-0001-0000-0000-000000000001}.Debug|Any CPU.Build.0 = Debug|Any CPU
		{A1B2C3D4-0001-0000-0000-000000000001}.Release|Any CPU.ActiveCfg = Release|Any CPU
		{A1B2C3D4-0001-0000-0000-000000000001}.Release|Any CPU.Build.0 = Release|Any CPU
		{A1B2C3D4-0002-0000-0000-000000000002}.Debug|Any CPU.ActiveCfg = Debug|Any CPU
		{A1B2C3D4-0002-0000-0000-000000000002}.Debug|Any CPU.Build.0 = Debug|Any CPU
		{A1B2C3D4-0002-0000-0000-000000000002}.Release|Any CPU.ActiveCfg = Release|Any CPU
		{A1B2C3D4-0002-0000-0000-000000000002}.Release|Any CPU.Build.0 = Release|Any CPU
		{A1B2C3D4-0003-0000-0000-000000000003}.Debug|Any CPU.ActiveCfg = Debug|Any CPU
		{A1B2C3D4-0003-0000-0000-000000000003}.Debug|Any CPU.Build.0 = Debug|Any CPU
		{A1B2C3D4-0003-0000-0000-000000000003}.Release|Any CPU.ActiveCfg = Release|Any CPU
		{A1B2C3D4-0003-0000-0000-000000000003}.Release|Any CPU.Build.0 = Release|Any CPU
	EndGlobalSection
	GlobalSection(NestedProjects) = preSolution
		{B793961B-12BD-49BE-B797-AF56930E5E44} = {73D87BF9-EFDE-4A76-A86A-AE48FB034008}
		{A1B2C3D4-0001-0000-0000-000000000001} = {73D87BF9-EFDE-4A76-A86A-AE48FB034008}
		{A1B2C3D4-0002-0000-0000-000000000002} = {73D87BF9-EFDE-4A76-A86A-AE48FB034008}
		{A1B2C3D4-0003-0000-0000-000000000003} = {73D87BF9-EFDE-4A76-A86A-AE48FB034008}
		{3424F5EC-C43C-4A5C-8BF6-10D08D75F0BB} = {212685A3-FE9D-4703-AEDD-913F04360B1D}
		{FED780A2-A4F9-4B71-A4BC-C90B08874714} = {212685A3-FE9D-4703-AEDD-913F04360B1D}
		{F89BC55F-6B44-453E-9DF3-D7FA25E9028E} = {212685A3-FE9D-4703-AEDD-913F04360B1D}
		{77FA75BB-ABFE-4D4D-80C2-C8C8457BCFE4} = {212685A3-FE9D-4703-AEDD-913F04360B1D}
	EndGlobalSection
EndGlobal
